
Microsoft Visual Studio Solution File, Format Version 12.00
# Visual Studio Version 17
VisualStudioVersion = 17.3.32804.467
MinimumVisualStudioVersion = 10.0.40219.1
Project("{FAE04EC0-301F-11D3-BF4B-00C04F79EFBC}") = "Batch1-DET-2022", "Batch1-DET-2022\Batch1-DET-2022.csproj", "{71E8BEBB-C279-4820-B43F-DEB74E3B148D}"
EndProject
Global
	GlobalSection(SolutionConfigurationPlatforms) = preSolution
		Debug|Any CPU = Debug|Any CPU
		Release|Any CPU = Release|Any CPU
	EndGlobalSection
	GlobalSection(ProjectConfigurationPlatforms) = postSolution
		{71E8BEBB-C279-4820-B43F-DEB74E3B148D}.Debug|Any CPU.ActiveCfg = Debug|Any CPU
		{71E8BEBB-C279-4820-B43F-DEB74E3B148D}.Debug|Any CPU.Build.0 = Debug|Any CPU
		{71E8BEBB-C279-4820-B43F-DEB74E3B148D}.Release|Any CPU.ActiveCfg = Release|Any CPU
		{71E8BEBB-C279-4820-B43F-DEB74E3B148D}.Release|Any CPU.Build.0 = Release|Any CPU
	EndGlobalSection
	GlobalSection(SolutionProperties) = preSolution
		HideSolutionNode = FALSE
	EndGlobalSection
	GlobalSection(ExtensibilityGlobals) = postSolution
		SolutionGuid = {292AEF1C-3640-45B1-A701-48C7FB973A9D}
	EndGlobalSection
EndGlobal
